// !$*UTF8*$!
{
	archiveVersion = 1;
	classes = {
	};
	objectVersion = 46;
	objects = {

/* Begin PBXBuildFile section */
		17B345EF1A66811200946A2E /* main.m in Sources */ = {isa = PBXBuildFile; fileRef = 17B345EE1A66811200946A2E /* main.m */; };
		17B346091A66811200946A2E /* FlappyRevengeTests.m in Sources */ = {isa = PBXBuildFile; fileRef = 17B346081A66811200946A2E /* FlappyRevengeTests.m */; };
		17B346141A6681FC00946A2E /* AppDelegate.m in Sources */ = {isa = PBXBuildFile; fileRef = 17B346131A6681FC00946A2E /* AppDelegate.m */; };
		17B346211A66821000946A2E /* GameBird.m in Sources */ = {isa = PBXBuildFile; fileRef = 17B346161A66821000946A2E /* GameBird.m */; };
		17B346241A66821000946A2E /* GameScene.m in Sources */ = {isa = PBXBuildFile; fileRef = 17B3461C1A66821000946A2E /* GameScene.m */; };
		17B346251A66821000946A2E /* GameScene.sks in Resources */ = {isa = PBXBuildFile; fileRef = 17B3461D1A66821000946A2E /* GameScene.sks */; };
		17B346271A66821000946A2E /* GameViewController.m in Sources */ = {isa = PBXBuildFile; fileRef = 17B346201A66821000946A2E /* GameViewController.m */; };
		17B3462C1A66824D00946A2E /* Images.xcassets in Resources */ = {isa = PBXBuildFile; fileRef = 17B3462B1A66824D00946A2E /* Images.xcassets */; };
		17B346311A66827400946A2E /* gameplay.PNG in Resources */ = {isa = PBXBuildFile; fileRef = 17B3462D1A66827400946A2E /* gameplay.PNG */; };
		17B346321A66827400946A2E /* menu.jpg in Resources */ = {isa = PBXBuildFile; fileRef = 17B3462E1A66827400946A2E /* menu.jpg */; };
		17B346331A66827400946A2E /* shop.jpg in Resources */ = {isa = PBXBuildFile; fileRef = 17B3462F1A66827400946A2E /* shop.jpg */; };
		17B346341A66827400946A2E /* Views.jpg in Resources */ = {isa = PBXBuildFile; fileRef = 17B346301A66827400946A2E /* Views.jpg */; };
		17B346361A6682B700946A2E /* Main.storyboard in Resources */ = {isa = PBXBuildFile; fileRef = 17B346351A6682B700946A2E /* Main.storyboard */; };
		44DBEA3F1A6BC07100345928 /* GameBackGround.m in Sources */ = {isa = PBXBuildFile; fileRef = 44DBEA3E1A6BC07100345928 /* GameBackGround.m */; };
		44DBEA421A6BFAB200345928 /* GameMenu.m in Sources */ = {isa = PBXBuildFile; fileRef = 44DBEA411A6BFAB200345928 /* GameMenu.m */; };
		44DBEA451A6D256F00345928 /* Fipps-Regular.otf in Resources */ = {isa = PBXBuildFile; fileRef = 44DBEA441A6D256F00345928 /* Fipps-Regular.otf */; };
		44DBEA461A6D258A00345928 /* Fipps-Regular.otf in Resources */ = {isa = PBXBuildFile; fileRef = 44DBEA441A6D256F00345928 /* Fipps-Regular.otf */; };
		44DBEA4A1A6D278400345928 /* visitor1.ttf in Resources */ = {isa = PBXBuildFile; fileRef = 44DBEA471A6D278400345928 /* visitor1.ttf */; };
		44DBEA4B1A6D278400345928 /* visitor1.ttf in Resources */ = {isa = PBXBuildFile; fileRef = 44DBEA471A6D278400345928 /* visitor1.ttf */; };
		44DBEA4C1A6D278400345928 /* visitor2.ttf in Resources */ = {isa = PBXBuildFile; fileRef = 44DBEA481A6D278400345928 /* visitor2.ttf */; };
		44DBEA4D1A6D278400345928 /* visitor2.ttf in Resources */ = {isa = PBXBuildFile; fileRef = 44DBEA481A6D278400345928 /* visitor2.ttf */; };
		44DBEA4E1A6D278400345928 /* VISITOR.FON in Resources */ = {isa = PBXBuildFile; fileRef = 44DBEA491A6D278400345928 /* VISITOR.FON */; };
		44DBEA4F1A6D278400345928 /* VISITOR.FON in Resources */ = {isa = PBXBuildFile; fileRef = 44DBEA491A6D278400345928 /* VISITOR.FON */; };
		44DD79E51A6E721300EAC83E /* ShopViewController.m in Sources */ = {isa = PBXBuildFile; fileRef = 44DD79E41A6E721300EAC83E /* ShopViewController.m */; };
/* End PBXBuildFile section */

/* Begin PBXContainerItemProxy section */
		17B346031A66811200946A2E /* PBXContainerItemProxy */ = {
			isa = PBXContainerItemProxy;
			containerPortal = 17B345E11A66811200946A2E /* Project object */;
			proxyType = 1;
			remoteGlobalIDString = 17B345E81A66811200946A2E;
			remoteInfo = FlappyRevenge;
		};
/* End PBXContainerItemProxy section */

/* Begin PBXFileReference section */
		17B345E91A66811200946A2E /* FlappyRevenge.app */ = {isa = PBXFileReference; explicitFileType = wrapper.application; includeInIndex = 0; path = FlappyRevenge.app; sourceTree = BUILT_PRODUCTS_DIR; };
		17B345ED1A66811200946A2E /* Info.plist */ = {isa = PBXFileReference; lastKnownFileType = text.plist.xml; path = Info.plist; sourceTree = "<group>"; };
		17B345EE1A66811200946A2E /* main.m */ = {isa = PBXFileReference; lastKnownFileType = sourcecode.c.objc; path = main.m; sourceTree = "<group>"; };
		17B346021A66811200946A2E /* FlappyRevengeTests.xctest */ = {isa = PBXFileReference; explicitFileType = wrapper.cfbundle; includeInIndex = 0; path = FlappyRevengeTests.xctest; sourceTree = BUILT_PRODUCTS_DIR; };
		17B346071A66811200946A2E /* Info.plist */ = {isa = PBXFileReference; lastKnownFileType = text.plist.xml; path = Info.plist; sourceTree = "<group>"; };
		17B346081A66811200946A2E /* FlappyRevengeTests.m */ = {isa = PBXFileReference; lastKnownFileType = sourcecode.c.objc; path = FlappyRevengeTests.m; sourceTree = "<group>"; };
		17B346121A6681FC00946A2E /* AppDelegate.h */ = {isa = PBXFileReference; fileEncoding = 4; lastKnownFileType = sourcecode.c.h; path = AppDelegate.h; sourceTree = "<group>"; };
		17B346131A6681FC00946A2E /* AppDelegate.m */ = {isa = PBXFileReference; fileEncoding = 4; lastKnownFileType = sourcecode.c.objc; path = AppDelegate.m; sourceTree = "<group>"; };
		17B346151A66821000946A2E /* GameBird.h */ = {isa = PBXFileReference; fileEncoding = 4; lastKnownFileType = sourcecode.c.h; path = GameBird.h; sourceTree = "<group>"; };
		17B346161A66821000946A2E /* GameBird.m */ = {isa = PBXFileReference; fileEncoding = 4; lastKnownFileType = sourcecode.c.objc; path = GameBird.m; sourceTree = "<group>"; };
		17B3461B1A66821000946A2E /* GameScene.h */ = {isa = PBXFileReference; fileEncoding = 4; lastKnownFileType = sourcecode.c.h; path = GameScene.h; sourceTree = "<group>"; };
		17B3461C1A66821000946A2E /* GameScene.m */ = {isa = PBXFileReference; fileEncoding = 4; lastKnownFileType = sourcecode.c.objc; path = GameScene.m; sourceTree = "<group>"; };
		17B3461D1A66821000946A2E /* GameScene.sks */ = {isa = PBXFileReference; lastKnownFileType = file.sks; path = GameScene.sks; sourceTree = "<group>"; };
		17B3461F1A66821000946A2E /* GameViewController.h */ = {isa = PBXFileReference; fileEncoding = 4; lastKnownFileType = sourcecode.c.h; path = GameViewController.h; sourceTree = "<group>"; };
		17B346201A66821000946A2E /* GameViewController.m */ = {isa = PBXFileReference; fileEncoding = 4; lastKnownFileType = sourcecode.c.objc; path = GameViewController.m; sourceTree = "<group>"; };
		17B3462B1A66824D00946A2E /* Images.xcassets */ = {isa = PBXFileReference; lastKnownFileType = folder.assetcatalog; path = Images.xcassets; sourceTree = "<group>"; };
		17B3462D1A66827400946A2E /* gameplay.PNG */ = {isa = PBXFileReference; lastKnownFileType = image.png; path = gameplay.PNG; sourceTree = "<group>"; };
		17B3462E1A66827400946A2E /* menu.jpg */ = {isa = PBXFileReference; lastKnownFileType = image.jpeg; path = menu.jpg; sourceTree = "<group>"; };
		17B3462F1A66827400946A2E /* shop.jpg */ = {isa = PBXFileReference; lastKnownFileType = image.jpeg; path = shop.jpg; sourceTree = "<group>"; };
		17B346301A66827400946A2E /* Views.jpg */ = {isa = PBXFileReference; lastKnownFileType = image.jpeg; path = Views.jpg; sourceTree = "<group>"; };
		17B346351A6682B700946A2E /* Main.storyboard */ = {isa = PBXFileReference; fileEncoding = 4; lastKnownFileType = file.storyboard; path = Main.storyboard; sourceTree = "<group>"; };
		44DBEA3D1A6BC07100345928 /* GameBackGround.h */ = {isa = PBXFileReference; fileEncoding = 4; lastKnownFileType = sourcecode.c.h; path = GameBackGround.h; sourceTree = "<group>"; };
		44DBEA3E1A6BC07100345928 /* GameBackGround.m */ = {isa = PBXFileReference; fileEncoding = 4; lastKnownFileType = sourcecode.c.objc; path = GameBackGround.m; sourceTree = "<group>"; };
		44DBEA401A6BFAB200345928 /* GameMenu.h */ = {isa = PBXFileReference; fileEncoding = 4; lastKnownFileType = sourcecode.c.h; path = GameMenu.h; sourceTree = "<group>"; };
		44DBEA411A6BFAB200345928 /* GameMenu.m */ = {isa = PBXFileReference; fileEncoding = 4; lastKnownFileType = sourcecode.c.objc; path = GameMenu.m; sourceTree = "<group>"; };
		44DBEA441A6D256F00345928 /* Fipps-Regular.otf */ = {isa = PBXFileReference; lastKnownFileType = file; path = "Fipps-Regular.otf"; sourceTree = "<group>"; };
		44DBEA471A6D278400345928 /* visitor1.ttf */ = {isa = PBXFileReference; lastKnownFileType = file; path = visitor1.ttf; sourceTree = "<group>"; };
		44DBEA481A6D278400345928 /* visitor2.ttf */ = {isa = PBXFileReference; lastKnownFileType = file; path = visitor2.ttf; sourceTree = "<group>"; };
		44DBEA491A6D278400345928 /* VISITOR.FON */ = {isa = PBXFileReference; lastKnownFileType = file; path = VISITOR.FON; sourceTree = "<group>"; };
		44DD79E31A6E721300EAC83E /* ShopViewController.h */ = {isa = PBXFileReference; fileEncoding = 4; lastKnownFileType = sourcecode.c.h; path = ShopViewController.h; sourceTree = "<group>"; };
		44DD79E41A6E721300EAC83E /* ShopViewController.m */ = {isa = PBXFileReference; fileEncoding = 4; lastKnownFileType = sourcecode.c.objc; path = ShopViewController.m; sourceTree = "<group>"; };
/* End PBXFileReference section */

/* Begin PBXFrameworksBuildPhase section */
		17B345E61A66811200946A2E /* Frameworks */ = {
			isa = PBXFrameworksBuildPhase;
			buildActionMask = 2147483647;
			files = (
			);
			runOnlyForDeploymentPostprocessing = 0;
		};
		17B345FF1A66811200946A2E /* Frameworks */ = {
			isa = PBXFrameworksBuildPhase;
			buildActionMask = 2147483647;
			files = (
			);
			runOnlyForDeploymentPostprocessing = 0;
		};
/* End PBXFrameworksBuildPhase section */

/* Begin PBXGroup section */
		17B345E01A66811200946A2E = {
			isa = PBXGroup;
			children = (
				17B345EB1A66811200946A2E /* FlappyRevenge */,
				17B346051A66811200946A2E /* FlappyRevengeTests */,
				17B345EA1A66811200946A2E /* Products */,
			);
			sourceTree = "<group>";
		};
		17B345EA1A66811200946A2E /* Products */ = {
			isa = PBXGroup;
			children = (
				17B345E91A66811200946A2E /* FlappyRevenge.app */,
				17B346021A66811200946A2E /* FlappyRevengeTests.xctest */,
			);
			name = Products;
			sourceTree = "<group>";
		};
		17B345EB1A66811200946A2E /* FlappyRevenge */ = {
			isa = PBXGroup;
			children = (
				4404203E1A6686260024952C /* GameMenu */,
				4404203D1A6685E10024952C /* Screenshots */,
				4404203C1A6685CA0024952C /* GameObjects */,
				17B346351A6682B700946A2E /* Main.storyboard */,
				44DD79E31A6E721300EAC83E /* ShopViewController.h */,
				44DD79E41A6E721300EAC83E /* ShopViewController.m */,
				17B3461D1A66821000946A2E /* GameScene.sks */,
				17B3461F1A66821000946A2E /* GameViewController.h */,
				17B346201A66821000946A2E /* GameViewController.m */,
				17B3461B1A66821000946A2E /* GameScene.h */,
				17B3461C1A66821000946A2E /* GameScene.m */,
				44DBEA431A6D254100345928 /* Resources */,
				17B345EC1A66811200946A2E /* Supporting Files */,
			);
			path = FlappyRevenge;
			sourceTree = "<group>";
		};
		17B345EC1A66811200946A2E /* Supporting Files */ = {
			isa = PBXGroup;
			children = (
				17B346121A6681FC00946A2E /* AppDelegate.h */,
				17B346131A6681FC00946A2E /* AppDelegate.m */,
				17B345ED1A66811200946A2E /* Info.plist */,
				17B345EE1A66811200946A2E /* main.m */,
			);
			name = "Supporting Files";
			sourceTree = "<group>";
		};
		17B346051A66811200946A2E /* FlappyRevengeTests */ = {
			isa = PBXGroup;
			children = (
				17B346081A66811200946A2E /* FlappyRevengeTests.m */,
				17B346061A66811200946A2E /* Supporting Files */,
			);
			path = FlappyRevengeTests;
			sourceTree = "<group>";
		};
		17B346061A66811200946A2E /* Supporting Files */ = {
			isa = PBXGroup;
			children = (
				17B346071A66811200946A2E /* Info.plist */,
			);
			name = "Supporting Files";
			sourceTree = "<group>";
		};
		4404203C1A6685CA0024952C /* GameObjects */ = {
			isa = PBXGroup;
			children = (
				44DBEA3D1A6BC07100345928 /* GameBackGround.h */,
				44DBEA3E1A6BC07100345928 /* GameBackGround.m */,
				17B346151A66821000946A2E /* GameBird.h */,
				17B346161A66821000946A2E /* GameBird.m */,
			);
			name = GameObjects;
			sourceTree = "<group>";
		};
		4404203D1A6685E10024952C /* Screenshots */ = {
			isa = PBXGroup;
			children = (
				17B3462D1A66827400946A2E /* gameplay.PNG */,
				17B3462E1A66827400946A2E /* menu.jpg */,
				17B3462F1A66827400946A2E /* shop.jpg */,
				17B346301A66827400946A2E /* Views.jpg */,
			);
			name = Screenshots;
			sourceTree = "<group>";
		};
		4404203E1A6686260024952C /* GameMenu */ = {
			isa = PBXGroup;
			children = (
				44DBEA401A6BFAB200345928 /* GameMenu.h */,
				44DBEA411A6BFAB200345928 /* GameMenu.m */,
			);
			name = GameMenu;
			sourceTree = "<group>";
		};
		44DBEA431A6D254100345928 /* Resources */ = {
			isa = PBXGroup;
			children = (
				44DBEA471A6D278400345928 /* visitor1.ttf */,
				44DBEA481A6D278400345928 /* visitor2.ttf */,
				44DBEA491A6D278400345928 /* VISITOR.FON */,
				44DBEA441A6D256F00345928 /* Fipps-Regular.otf */,
				17B3462B1A66824D00946A2E /* Images.xcassets */,
			);
			name = Resources;
			sourceTree = "<group>";
		};
/* End PBXGroup section */

/* Begin PBXNativeTarget section */
		17B345E81A66811200946A2E /* FlappyRevenge */ = {
			isa = PBXNativeTarget;
			buildConfigurationList = 17B3460C1A66811200946A2E /* Build configuration list for PBXNativeTarget "FlappyRevenge" */;
			buildPhases = (
				17B345E51A66811200946A2E /* Sources */,
				17B345E61A66811200946A2E /* Frameworks */,
				17B345E71A66811200946A2E /* Resources */,
			);
			buildRules = (
			);
			dependencies = (
			);
			name = FlappyRevenge;
			productName = FlappyRevenge;
			productReference = 17B345E91A66811200946A2E /* FlappyRevenge.app */;
			productType = "com.apple.product-type.application";
		};
		17B346011A66811200946A2E /* FlappyRevengeTests */ = {
			isa = PBXNativeTarget;
			buildConfigurationList = 17B3460F1A66811200946A2E /* Build configuration list for PBXNativeTarget "FlappyRevengeTests" */;
			buildPhases = (
				17B345FE1A66811200946A2E /* Sources */,
				17B345FF1A66811200946A2E /* Frameworks */,
				17B346001A66811200946A2E /* Resources */,
			);
			buildRules = (
			);
			dependencies = (
				17B346041A66811200946A2E /* PBXTargetDependency */,
			);
			name = FlappyRevengeTests;
			productName = FlappyRevengeTests;
			productReference = 17B346021A66811200946A2E /* FlappyRevengeTests.xctest */;
			productType = "com.apple.product-type.bundle.unit-test";
		};
/* End PBXNativeTarget section */

/* Begin PBXProject section */
		17B345E11A66811200946A2E /* Project object */ = {
			isa = PBXProject;
			attributes = {
				LastUpgradeCheck = 0610;
				ORGANIZATIONNAME = mprog;
				TargetAttributes = {
					17B345E81A66811200946A2E = {
						CreatedOnToolsVersion = 6.1.1;
						DevelopmentTeam = DV6MACWMG2;
					};
					17B346011A66811200946A2E = {
						CreatedOnToolsVersion = 6.1.1;
						TestTargetID = 17B345E81A66811200946A2E;
					};
				};
			};
			buildConfigurationList = 17B345E41A66811200946A2E /* Build configuration list for PBXProject "FlappyRevenge" */;
			compatibilityVersion = "Xcode 3.2";
			developmentRegion = English;
			hasScannedForEncodings = 0;
			knownRegions = (
				en,
				Base,
			);
			mainGroup = 17B345E01A66811200946A2E;
			productRefGroup = 17B345EA1A66811200946A2E /* Products */;
			projectDirPath = "";
			projectRoot = "";
			targets = (
				17B345E81A66811200946A2E /* FlappyRevenge */,
				17B346011A66811200946A2E /* FlappyRevengeTests */,
			);
		};
/* End PBXProject section */

/* Begin PBXResourcesBuildPhase section */
		17B345E71A66811200946A2E /* Resources */ = {
			isa = PBXResourcesBuildPhase;
			buildActionMask = 2147483647;
			files = (
				44DBEA4C1A6D278400345928 /* visitor2.ttf in Resources */,
				17B3462C1A66824D00946A2E /* Images.xcassets in Resources */,
				44DBEA4E1A6D278400345928 /* VISITOR.FON in Resources */,
				44DBEA4A1A6D278400345928 /* visitor1.ttf in Resources */,
				44DBEA451A6D256F00345928 /* Fipps-Regular.otf in Resources */,
				17B346331A66827400946A2E /* shop.jpg in Resources */,
				17B346321A66827400946A2E /* menu.jpg in Resources */,
				17B346361A6682B700946A2E /* Main.storyboard in Resources */,
				17B346251A66821000946A2E /* GameScene.sks in Resources */,
				17B346341A66827400946A2E /* Views.jpg in Resources */,
				17B346311A66827400946A2E /* gameplay.PNG in Resources */,
			);
			runOnlyForDeploymentPostprocessing = 0;
		};
		17B346001A66811200946A2E /* Resources */ = {
			isa = PBXResourcesBuildPhase;
			buildActionMask = 2147483647;
			files = (
				44DBEA4F1A6D278400345928 /* VISITOR.FON in Resources */,
				44DBEA461A6D258A00345928 /* Fipps-Regular.otf in Resources */,
				44DBEA4D1A6D278400345928 /* visitor2.ttf in Resources */,
				44DBEA4B1A6D278400345928 /* visitor1.ttf in Resources */,
			);
			runOnlyForDeploymentPostprocessing = 0;
		};
/* End PBXResourcesBuildPhase section */

/* Begin PBXSourcesBuildPhase section */
		17B345E51A66811200946A2E /* Sources */ = {
			isa = PBXSourcesBuildPhase;
			buildActionMask = 2147483647;
			files = (
				44DD79E51A6E721300EAC83E /* ShopViewController.m in Sources */,
				17B346211A66821000946A2E /* GameBird.m in Sources */,
				17B346141A6681FC00946A2E /* AppDelegate.m in Sources */,
				17B346271A66821000946A2E /* GameViewController.m in Sources */,
				17B346241A66821000946A2E /* GameScene.m in Sources */,
				44DBEA421A6BFAB200345928 /* GameMenu.m in Sources */,
				44DBEA3F1A6BC07100345928 /* GameBackGround.m in Sources */,
				17B345EF1A66811200946A2E /* main.m in Sources */,
			);
			runOnlyForDeploymentPostprocessing = 0;
		};
		17B345FE1A66811200946A2E /* Sources */ = {
			isa = PBXSourcesBuildPhase;
			buildActionMask = 2147483647;
			files = (
				17B346091A66811200946A2E /* FlappyRevengeTests.m in Sources */,
			);
			runOnlyForDeploymentPostprocessing = 0;
		};
/* End PBXSourcesBuildPhase section */

/* Begin PBXTargetDependency section */
		17B346041A66811200946A2E /* PBXTargetDependency */ = {
			isa = PBXTargetDependency;
			target = 17B345E81A66811200946A2E /* FlappyRevenge */;
			targetProxy = 17B346031A66811200946A2E /* PBXContainerItemProxy */;
		};
/* End PBXTargetDependency section */

/* Begin XCBuildConfiguration section */
		17B3460A1A66811200946A2E /* Debug */ = {
			isa = XCBuildConfiguration;
			buildSettings = {
				ALWAYS_SEARCH_USER_PATHS = NO;
				CLANG_CXX_LANGUAGE_STANDARD = "gnu++0x";
				CLANG_CXX_LIBRARY = "libc++";
				CLANG_ENABLE_MODULES = YES;
				CLANG_ENABLE_OBJC_ARC = YES;
				CLANG_WARN_BOOL_CONVERSION = YES;
				CLANG_WARN_CONSTANT_CONVERSION = YES;
				CLANG_WARN_DIRECT_OBJC_ISA_USAGE = YES_ERROR;
				CLANG_WARN_EMPTY_BODY = YES;
				CLANG_WARN_ENUM_CONVERSION = YES;
				CLANG_WARN_INT_CONVERSION = YES;
				CLANG_WARN_OBJC_ROOT_CLASS = YES_ERROR;
				CLANG_WARN_UNREACHABLE_CODE = YES;
				CLANG_WARN__DUPLICATE_METHOD_MATCH = YES;
				"CODE_SIGN_IDENTITY[sdk=iphoneos*]" = "iPhone Developer";
				COPY_PHASE_STRIP = NO;
				ENABLE_STRICT_OBJC_MSGSEND = YES;
				GCC_C_LANGUAGE_STANDARD = gnu99;
				GCC_DYNAMIC_NO_PIC = NO;
				GCC_OPTIMIZATION_LEVEL = 0;
				GCC_PREPROCESSOR_DEFINITIONS = (
					"DEBUG=1",
					"$(inherited)",
				);
				GCC_SYMBOLS_PRIVATE_EXTERN = NO;
				GCC_WARN_64_TO_32_BIT_CONVERSION = YES;
				GCC_WARN_ABOUT_RETURN_TYPE = YES_ERROR;
				GCC_WARN_UNDECLARED_SELECTOR = YES;
				GCC_WARN_UNINITIALIZED_AUTOS = YES_AGGRESSIVE;
				GCC_WARN_UNUSED_FUNCTION = YES;
				GCC_WARN_UNUSED_VARIABLE = YES;
				IPHONEOS_DEPLOYMENT_TARGET = 8.1;
				MTL_ENABLE_DEBUG_INFO = YES;
				ONLY_ACTIVE_ARCH = YES;
				SDKROOT = iphoneos;
			};
			name = Debug;
		};
		17B3460B1A66811200946A2E /* Release */ = {
			isa = XCBuildConfiguration;
			buildSettings = {
				ALWAYS_SEARCH_USER_PATHS = NO;
				CLANG_CXX_LANGUAGE_STANDARD = "gnu++0x";
				CLANG_CXX_LIBRARY = "libc++";
				CLANG_ENABLE_MODULES = YES;
				CLANG_ENABLE_OBJC_ARC = YES;
				CLANG_WARN_BOOL_CONVERSION = YES;
				CLANG_WARN_CONSTANT_CONVERSION = YES;
				CLANG_WARN_DIRECT_OBJC_ISA_USAGE = YES_ERROR;
				CLANG_WARN_EMPTY_BODY = YES;
				CLANG_WARN_ENUM_CONVERSION = YES;
				CLANG_WARN_INT_CONVERSION = YES;
				CLANG_WARN_OBJC_ROOT_CLASS = YES_ERROR;
				CLANG_WARN_UNREACHABLE_CODE = YES;
				CLANG_WARN__DUPLICATE_METHOD_MATCH = YES;
				"CODE_SIGN_IDENTITY[sdk=iphoneos*]" = "iPhone Developer";
				COPY_PHASE_STRIP = YES;
				ENABLE_NS_ASSERTIONS = NO;
				ENABLE_STRICT_OBJC_MSGSEND = YES;
				GCC_C_LANGUAGE_STANDARD = gnu99;
				GCC_WARN_64_TO_32_BIT_CONVERSION = YES;
				GCC_WARN_ABOUT_RETURN_TYPE = YES_ERROR;
				GCC_WARN_UNDECLARED_SELECTOR = YES;
				GCC_WARN_UNINITIALIZED_AUTOS = YES_AGGRESSIVE;
				GCC_WARN_UNUSED_FUNCTION = YES;
				GCC_WARN_UNUSED_VARIABLE = YES;
				IPHONEOS_DEPLOYMENT_TARGET = 8.1;
				MTL_ENABLE_DEBUG_INFO = NO;
				SDKROOT = iphoneos;
				VALIDATE_PRODUCT = YES;
			};
			name = Release;
		};
		17B3460D1A66811200946A2E /* Debug */ = {
			isa = XCBuildConfiguration;
			buildSettings = {
				ASSETCATALOG_COMPILER_APPICON_NAME = AppIcon;
				INFOPLIST_FILE = FlappyRevenge/Info.plist;
				IPHONEOS_DEPLOYMENT_TARGET = 8.0;
				LD_RUNPATH_SEARCH_PATHS = "$(inherited) @executable_path/Frameworks";
				PRODUCT_NAME = "$(TARGET_NAME)";
			};
			name = Debug;
		};
		17B3460E1A66811200946A2E /* Release */ = {
			isa = XCBuildConfiguration;
			buildSettings = {
				ASSETCATALOG_COMPILER_APPICON_NAME = AppIcon;
				INFOPLIST_FILE = FlappyRevenge/Info.plist;
				IPHONEOS_DEPLOYMENT_TARGET = 8.0;
				LD_RUNPATH_SEARCH_PATHS = "$(inherited) @executable_path/Frameworks";
				PRODUCT_NAME = "$(TARGET_NAME)";
			};
			name = Release;
		};
		17B346101A66811200946A2E /* Debug */ = {
			isa = XCBuildConfiguration;
			buildSettings = {
				BUNDLE_LOADER = "$(TEST_HOST)";
				FRAMEWORK_SEARCH_PATHS = (
					"$(SDKROOT)/Developer/Library/Frameworks",
					"$(inherited)",
				);
				GCC_PREPROCESSOR_DEFINITIONS = (
					"DEBUG=1",
					"$(inherited)",
				);
				INFOPLIST_FILE = FlappyRevengeTests/Info.plist;
				LD_RUNPATH_SEARCH_PATHS = "$(inherited) @executable_path/Frameworks @loader_path/Frameworks";
				PRODUCT_NAME = "$(TARGET_NAME)";
				TEST_HOST = "$(BUILT_PRODUCTS_DIR)/FlappyRevenge.app/FlappyRevenge";
			};
			name = Debug;
		};
		17B346111A66811200946A2E /* Release */ = {
			isa = XCBuildConfiguration;
			buildSettings = {
				BUNDLE_LOADER = "$(TEST_HOST)";
				FRAMEWORK_SEARCH_PATHS = (
					"$(SDKROOT)/Developer/Library/Frameworks",
					"$(inherited)",
				);
				INFOPLIST_FILE = FlappyRevengeTests/Info.plist;
				LD_RUNPATH_SEARCH_PATHS = "$(inherited) @executable_path/Frameworks @loader_path/Frameworks";
				PRODUCT_NAME = "$(TARGET_NAME)";
				TEST_HOST = "$(BUILT_PRODUCTS_DIR)/FlappyRevenge.app/FlappyRevenge";
			};
			name = Release;
		};
/* End XCBuildConfiguration section */

/* Begin XCConfigurationList section */
		17B345E41A66811200946A2E /* Build configuration list for PBXProject "FlappyRevenge" */ = {
			isa = XCConfigurationList;
			buildConfigurations = (
				17B3460A1A66811200946A2E /* Debug */,
				17B3460B1A66811200946A2E /* Release */,
			);
			defaultConfigurationIsVisible = 0;
			defaultConfigurationName = Release;
		};
		17B3460C1A66811200946A2E /* Build configuration list for PBXNativeTarget "FlappyRevenge" */ = {
			isa = XCConfigurationList;
			buildConfigurations = (
				17B3460D1A66811200946A2E /* Debug */,
				17B3460E1A66811200946A2E /* Release */,
			);
			defaultConfigurationIsVisible = 0;
			defaultConfigurationName = Release;
		};
		17B3460F1A66811200946A2E /* Build configuration list for PBXNativeTarget "FlappyRevengeTests" */ = {
			isa = XCConfigurationList;
			buildConfigurations = (
				17B346101A66811200946A2E /* Debug */,
				17B346111A66811200946A2E /* Release */,
			);
			defaultConfigurationIsVisible = 0;
			defaultConfigurationName = Release;
		};
/* End XCConfigurationList section */
	};
	rootObject = 17B345E11A66811200946A2E /* Project object */;
}
