// !$*UTF8*$!
{
	archiveVersion = 1;
	classes = {
	};
	objectVersion = 46;
	objects = {

/* Begin PBXBuildFile section */
		443A29AA1A5E9B39006DF7C3 /* GameBird.m in Sources */ = {isa = PBXBuildFile; fileRef = 443A29A91A5E9B39006DF7C3 /* GameBird.m */; };
		44D56D251A45C20000A0AB8C /* main.m in Sources */ = {isa = PBXBuildFile; fileRef = 44D56D241A45C20000A0AB8C /* main.m */; };
		44D56D281A45C20000A0AB8C /* AppDelegate.m in Sources */ = {isa = PBXBuildFile; fileRef = 44D56D271A45C20000A0AB8C /* AppDelegate.m */; };
		44D56D2B1A45C20000A0AB8C /* GameScene.m in Sources */ = {isa = PBXBuildFile; fileRef = 44D56D2A1A45C20000A0AB8C /* GameScene.m */; };
		44D56D2D1A45C20000A0AB8C /* GameScene.sks in Resources */ = {isa = PBXBuildFile; fileRef = 44D56D2C1A45C20000A0AB8C /* GameScene.sks */; };
		44D56D301A45C20000A0AB8C /* GameViewController.m in Sources */ = {isa = PBXBuildFile; fileRef = 44D56D2F1A45C20000A0AB8C /* GameViewController.m */; };
		44D56D351A45C20000A0AB8C /* Images.xcassets in Resources */ = {isa = PBXBuildFile; fileRef = 44D56D341A45C20000A0AB8C /* Images.xcassets */; };
/* End PBXBuildFile section */

/* Begin PBXContainerItemProxy section */
		44D56D3E1A45C20000A0AB8C /* PBXContainerItemProxy */ = {
			isa = PBXContainerItemProxy;
			containerPortal = 44D56D171A45C20000A0AB8C /* Project object */;
			proxyType = 1;
			remoteGlobalIDString = 44D56D1E1A45C20000A0AB8C;
			remoteInfo = FlappyRevenge;
		};
/* End PBXContainerItemProxy section */

/* Begin PBXFileReference section */
		443A29A81A5E9B39006DF7C3 /* GameBird.h */ = {isa = PBXFileReference; fileEncoding = 4; lastKnownFileType = sourcecode.c.h; path = GameBird.h; sourceTree = "<group>"; };
		443A29A91A5E9B39006DF7C3 /* GameBird.m */ = {isa = PBXFileReference; fileEncoding = 4; lastKnownFileType = sourcecode.c.objc; path = GameBird.m; sourceTree = "<group>"; };
		44D56D1F1A45C20000A0AB8C /* FlappyRevenge.app */ = {isa = PBXFileReference; explicitFileType = wrapper.application; includeInIndex = 0; path = FlappyRevenge.app; sourceTree = BUILT_PRODUCTS_DIR; };
		44D56D231A45C20000A0AB8C /* Info.plist */ = {isa = PBXFileReference; lastKnownFileType = text.plist.xml; path = Info.plist; sourceTree = "<group>"; };
		44D56D241A45C20000A0AB8C /* main.m */ = {isa = PBXFileReference; lastKnownFileType = sourcecode.c.objc; path = main.m; sourceTree = "<group>"; };
		44D56D261A45C20000A0AB8C /* AppDelegate.h */ = {isa = PBXFileReference; lastKnownFileType = sourcecode.c.h; path = AppDelegate.h; sourceTree = "<group>"; };
		44D56D271A45C20000A0AB8C /* AppDelegate.m */ = {isa = PBXFileReference; lastKnownFileType = sourcecode.c.objc; path = AppDelegate.m; sourceTree = "<group>"; };
		44D56D291A45C20000A0AB8C /* GameScene.h */ = {isa = PBXFileReference; lastKnownFileType = sourcecode.c.h; path = GameScene.h; sourceTree = "<group>"; };
		44D56D2A1A45C20000A0AB8C /* GameScene.m */ = {isa = PBXFileReference; lastKnownFileType = sourcecode.c.objc; path = GameScene.m; sourceTree = "<group>"; };
		44D56D2C1A45C20000A0AB8C /* GameScene.sks */ = {isa = PBXFileReference; lastKnownFileType = file.sks; path = GameScene.sks; sourceTree = "<group>"; };
		44D56D2E1A45C20000A0AB8C /* GameViewController.h */ = {isa = PBXFileReference; lastKnownFileType = sourcecode.c.h; path = GameViewController.h; sourceTree = "<group>"; };
		44D56D2F1A45C20000A0AB8C /* GameViewController.m */ = {isa = PBXFileReference; lastKnownFileType = sourcecode.c.objc; path = GameViewController.m; sourceTree = "<group>"; };
		44D56D321A45C20000A0AB8C /* Base */ = {isa = PBXFileReference; lastKnownFileType = file.storyboard; name = Base; path = Base.lproj/Main.storyboard; sourceTree = "<group>"; };
		44D56D341A45C20000A0AB8C /* Images.xcassets */ = {isa = PBXFileReference; lastKnownFileType = folder.assetcatalog; path = Images.xcassets; sourceTree = "<group>"; };
		44D56D371A45C20000A0AB8C /* Base */ = {isa = PBXFileReference; lastKnownFileType = file.xib; name = Base; path = Base.lproj/LaunchScreen.xib; sourceTree = "<group>"; };
		44D56D3D1A45C20000A0AB8C /* FlappyRevengeTests.xctest */ = {isa = PBXFileReference; explicitFileType = wrapper.cfbundle; includeInIndex = 0; path = FlappyRevengeTests.xctest; sourceTree = BUILT_PRODUCTS_DIR; };
/* End PBXFileReference section */

/* Begin PBXFrameworksBuildPhase section */
		44D56D1C1A45C20000A0AB8C /* Frameworks */ = {
			isa = PBXFrameworksBuildPhase;
			buildActionMask = 2147483647;
			files = (
			);
			runOnlyForDeploymentPostprocessing = 0;
		};
		44D56D3A1A45C20000A0AB8C /* Frameworks */ = {
			isa = PBXFrameworksBuildPhase;
			buildActionMask = 2147483647;
			files = (
			);
			runOnlyForDeploymentPostprocessing = 0;
		};
/* End PBXFrameworksBuildPhase section */

/* Begin PBXGroup section */
		44D56D161A45C20000A0AB8C = {
			isa = PBXGroup;
			children = (
				44D56D211A45C20000A0AB8C /* FlappyRevenge */,
				44D56D201A45C20000A0AB8C /* Products */,
			);
			sourceTree = "<group>";
		};
		44D56D201A45C20000A0AB8C /* Products */ = {
			isa = PBXGroup;
			children = (
				44D56D1F1A45C20000A0AB8C /* FlappyRevenge.app */,
				44D56D3D1A45C20000A0AB8C /* FlappyRevengeTests.xctest */,
			);
			name = Products;
			sourceTree = "<group>";
		};
		44D56D211A45C20000A0AB8C /* FlappyRevenge */ = {
			isa = PBXGroup;
			children = (
				44D56D261A45C20000A0AB8C /* AppDelegate.h */,
				44D56D271A45C20000A0AB8C /* AppDelegate.m */,
				44D56D291A45C20000A0AB8C /* GameScene.h */,
				44D56D2A1A45C20000A0AB8C /* GameScene.m */,
				443A29A81A5E9B39006DF7C3 /* GameBird.h */,
				443A29A91A5E9B39006DF7C3 /* GameBird.m */,
				44D56D2C1A45C20000A0AB8C /* GameScene.sks */,
				44D56D2E1A45C20000A0AB8C /* GameViewController.h */,
				44D56D2F1A45C20000A0AB8C /* GameViewController.m */,
				44D56D311A45C20000A0AB8C /* Main.storyboard */,
				44D56D341A45C20000A0AB8C /* Images.xcassets */,
				44D56D361A45C20000A0AB8C /* LaunchScreen.xib */,
				44D56D221A45C20000A0AB8C /* Supporting Files */,
			);
			path = FlappyRevenge;
			sourceTree = "<group>";
		};
		44D56D221A45C20000A0AB8C /* Supporting Files */ = {
			isa = PBXGroup;
			children = (
				44D56D231A45C20000A0AB8C /* Info.plist */,
				44D56D241A45C20000A0AB8C /* main.m */,
			);
			name = "Supporting Files";
			sourceTree = "<group>";
		};
/* End PBXGroup section */

/* Begin PBXNativeTarget section */
		44D56D1E1A45C20000A0AB8C /* FlappyRevenge */ = {
			isa = PBXNativeTarget;
			buildConfigurationList = 44D56D471A45C20000A0AB8C /* Build configuration list for PBXNativeTarget "FlappyRevenge" */;
			buildPhases = (
				44D56D1B1A45C20000A0AB8C /* Sources */,
				44D56D1C1A45C20000A0AB8C /* Frameworks */,
				44D56D1D1A45C20000A0AB8C /* Resources */,
			);
			buildRules = (
			);
			dependencies = (
			);
			name = FlappyRevenge;
			productName = FlappyRevenge;
			productReference = 44D56D1F1A45C20000A0AB8C /* FlappyRevenge.app */;
			productType = "com.apple.product-type.application";
		};
		44D56D3C1A45C20000A0AB8C /* FlappyRevengeTests */ = {
			isa = PBXNativeTarget;
			buildConfigurationList = 44D56D4A1A45C20000A0AB8C /* Build configuration list for PBXNativeTarget "FlappyRevengeTests" */;
			buildPhases = (
				44D56D391A45C20000A0AB8C /* Sources */,
				44D56D3A1A45C20000A0AB8C /* Frameworks */,
				44D56D3B1A45C20000A0AB8C /* Resources */,
			);
			buildRules = (
			);
			dependencies = (
				44D56D3F1A45C20000A0AB8C /* PBXTargetDependency */,
			);
			name = FlappyRevengeTests;
			productName = FlappyRevengeTests;
			productReference = 44D56D3D1A45C20000A0AB8C /* FlappyRevengeTests.xctest */;
			productType = "com.apple.product-type.bundle.unit-test";
		};
/* End PBXNativeTarget section */

/* Begin PBXProject section */
		44D56D171A45C20000A0AB8C /* Project object */ = {
			isa = PBXProject;
			attributes = {
				LastUpgradeCheck = 0610;
				ORGANIZATIONNAME = "Jeroen van der Es";
				TargetAttributes = {
					44D56D1E1A45C20000A0AB8C = {
						CreatedOnToolsVersion = 6.1.1;
					};
					44D56D3C1A45C20000A0AB8C = {
						CreatedOnToolsVersion = 6.1.1;
						TestTargetID = 44D56D1E1A45C20000A0AB8C;
					};
				};
			};
			buildConfigurationList = 44D56D1A1A45C20000A0AB8C /* Build configuration list for PBXProject "FlappyRevenge" */;
			compatibilityVersion = "Xcode 3.2";
			developmentRegion = English;
			hasScannedForEncodings = 0;
			knownRegions = (
				en,
				Base,
			);
			mainGroup = 44D56D161A45C20000A0AB8C;
			productRefGroup = 44D56D201A45C20000A0AB8C /* Products */;
			projectDirPath = "";
			projectRoot = "";
			targets = (
				44D56D1E1A45C20000A0AB8C /* FlappyRevenge */,
				44D56D3C1A45C20000A0AB8C /* FlappyRevengeTests */,
			);
		};
/* End PBXProject section */

/* Begin PBXResourcesBuildPhase section */
		44D56D1D1A45C20000A0AB8C /* Resources */ = {
			isa = PBXResourcesBuildPhase;
			buildActionMask = 2147483647;
			files = (
				44D56D351A45C20000A0AB8C /* Images.xcassets in Resources */,
				44D56D2D1A45C20000A0AB8C /* GameScene.sks in Resources */,
			);
			runOnlyForDeploymentPostprocessing = 0;
		};
		44D56D3B1A45C20000A0AB8C /* Resources */ = {
			isa = PBXResourcesBuildPhase;
			buildActionMask = 2147483647;
			files = (
			);
			runOnlyForDeploymentPostprocessing = 0;
		};
/* End PBXResourcesBuildPhase section */

/* Begin PBXSourcesBuildPhase section */
		44D56D1B1A45C20000A0AB8C /* Sources */ = {
			isa = PBXSourcesBuildPhase;
			buildActionMask = 2147483647;
			files = (
				44D56D301A45C20000A0AB8C /* GameViewController.m in Sources */,
				443A29AA1A5E9B39006DF7C3 /* GameBird.m in Sources */,
				44D56D281A45C20000A0AB8C /* AppDelegate.m in Sources */,
				44D56D2B1A45C20000A0AB8C /* GameScene.m in Sources */,
				44D56D251A45C20000A0AB8C /* main.m in Sources */,
			);
			runOnlyForDeploymentPostprocessing = 0;
		};
		44D56D391A45C20000A0AB8C /* Sources */ = {
			isa = PBXSourcesBuildPhase;
			buildActionMask = 2147483647;
			files = (
			);
			runOnlyForDeploymentPostprocessing = 0;
		};
/* End PBXSourcesBuildPhase section */

/* Begin PBXTargetDependency section */
		44D56D3F1A45C20000A0AB8C /* PBXTargetDependency */ = {
			isa = PBXTargetDependency;
			target = 44D56D1E1A45C20000A0AB8C /* FlappyRevenge */;
			targetProxy = 44D56D3E1A45C20000A0AB8C /* PBXContainerItemProxy */;
		};
/* End PBXTargetDependency section */

/* Begin PBXVariantGroup section */
		44D56D311A45C20000A0AB8C /* Main.storyboard */ = {
			isa = PBXVariantGroup;
			children = (
				44D56D321A45C20000A0AB8C /* Base */,
			);
			name = Main.storyboard;
			sourceTree = "<group>";
		};
		44D56D361A45C20000A0AB8C /* LaunchScreen.xib */ = {
			isa = PBXVariantGroup;
			children = (
				44D56D371A45C20000A0AB8C /* Base */,
			);
			name = LaunchScreen.xib;
			sourceTree = "<group>";
		};
/* End PBXVariantGroup section */

/* Begin XCBuildConfiguration section */
		44D56D451A45C20000A0AB8C /* Debug */ = {
			isa = XCBuildConfiguration;
			buildSettings = {
				ALWAYS_SEARCH_USER_PATHS = NO;
				CLANG_CXX_LANGUAGE_STANDARD = "gnu++0x";
				CLANG_CXX_LIBRARY = "libc++";
				CLANG_ENABLE_MODULES = YES;
				CLANG_ENABLE_OBJC_ARC = YES;
				CLANG_WARN_BOOL_CONVERSION = YES;
				CLANG_WARN_CONSTANT_CONVERSION = YES;
				CLANG_WARN_DIRECT_OBJC_ISA_USAGE = YES_ERROR;
				CLANG_WARN_EMPTY_BODY = YES;
				CLANG_WARN_ENUM_CONVERSION = YES;
				CLANG_WARN_INT_CONVERSION = YES;
				CLANG_WARN_OBJC_ROOT_CLASS = YES_ERROR;
				CLANG_WARN_UNREACHABLE_CODE = YES;
				CLANG_WARN__DUPLICATE_METHOD_MATCH = YES;
				"CODE_SIGN_IDENTITY[sdk=iphoneos*]" = "iPhone Developer";
				COPY_PHASE_STRIP = NO;
				ENABLE_STRICT_OBJC_MSGSEND = YES;
				GCC_C_LANGUAGE_STANDARD = gnu99;
				GCC_DYNAMIC_NO_PIC = NO;
				GCC_OPTIMIZATION_LEVEL = 0;
				GCC_PREPROCESSOR_DEFINITIONS = (
					"DEBUG=1",
					"$(inherited)",
				);
				GCC_SYMBOLS_PRIVATE_EXTERN = NO;
				GCC_WARN_64_TO_32_BIT_CONVERSION = YES;
				GCC_WARN_ABOUT_RETURN_TYPE = YES_ERROR;
				GCC_WARN_UNDECLARED_SELECTOR = YES;
				GCC_WARN_UNINITIALIZED_AUTOS = YES_AGGRESSIVE;
				GCC_WARN_UNUSED_FUNCTION = YES;
				GCC_WARN_UNUSED_VARIABLE = YES;
				IPHONEOS_DEPLOYMENT_TARGET = 8.0;
				MTL_ENABLE_DEBUG_INFO = YES;
				ONLY_ACTIVE_ARCH = YES;
				SDKROOT = iphoneos;
			};
			name = Debug;
		};
		44D56D461A45C20000A0AB8C /* Release */ = {
			isa = XCBuildConfiguration;
			buildSettings = {
				ALWAYS_SEARCH_USER_PATHS = NO;
				CLANG_CXX_LANGUAGE_STANDARD = "gnu++0x";
				CLANG_CXX_LIBRARY = "libc++";
				CLANG_ENABLE_MODULES = YES;
				CLANG_ENABLE_OBJC_ARC = YES;
				CLANG_WARN_BOOL_CONVERSION = YES;
				CLANG_WARN_CONSTANT_CONVERSION = YES;
				CLANG_WARN_DIRECT_OBJC_ISA_USAGE = YES_ERROR;
				CLANG_WARN_EMPTY_BODY = YES;
				CLANG_WARN_ENUM_CONVERSION = YES;
				CLANG_WARN_INT_CONVERSION = YES;
				CLANG_WARN_OBJC_ROOT_CLASS = YES_ERROR;
				CLANG_WARN_UNREACHABLE_CODE = YES;
				CLANG_WARN__DUPLICATE_METHOD_MATCH = YES;
				"CODE_SIGN_IDENTITY[sdk=iphoneos*]" = "iPhone Developer";
				COPY_PHASE_STRIP = YES;
				ENABLE_NS_ASSERTIONS = NO;
				ENABLE_STRICT_OBJC_MSGSEND = YES;
				GCC_C_LANGUAGE_STANDARD = gnu99;
				GCC_WARN_64_TO_32_BIT_CONVERSION = YES;
				GCC_WARN_ABOUT_RETURN_TYPE = YES_ERROR;
				GCC_WARN_UNDECLARED_SELECTOR = YES;
				GCC_WARN_UNINITIALIZED_AUTOS = YES_AGGRESSIVE;
				GCC_WARN_UNUSED_FUNCTION = YES;
				GCC_WARN_UNUSED_VARIABLE = YES;
				IPHONEOS_DEPLOYMENT_TARGET = 8.0;
				MTL_ENABLE_DEBUG_INFO = NO;
				SDKROOT = iphoneos;
				VALIDATE_PRODUCT = YES;
			};
			name = Release;
		};
		44D56D481A45C20000A0AB8C /* Debug */ = {
			isa = XCBuildConfiguration;
			buildSettings = {
				ASSETCATALOG_COMPILER_APPICON_NAME = AppIcon;
				INFOPLIST_FILE = FlappyRevenge/Info.plist;
				LD_RUNPATH_SEARCH_PATHS = "$(inherited) @executable_path/Frameworks";
				PRODUCT_NAME = FlappyRevenge;
			};
			name = Debug;
		};
		44D56D491A45C20000A0AB8C /* Release */ = {
			isa = XCBuildConfiguration;
			buildSettings = {
				ASSETCATALOG_COMPILER_APPICON_NAME = AppIcon;
				INFOPLIST_FILE = FlappyRevenge/Info.plist;
				LD_RUNPATH_SEARCH_PATHS = "$(inherited) @executable_path/Frameworks";
				PRODUCT_NAME = FlappyRevenge;
			};
			name = Release;
		};
		44D56D4B1A45C20000A0AB8C /* Debug */ = {
			isa = XCBuildConfiguration;
			buildSettings = {
				BUNDLE_LOADER = "$(TEST_HOST)";
				FRAMEWORK_SEARCH_PATHS = (
					"$(SDKROOT)/Developer/Library/Frameworks",
					"$(inherited)",
				);
				GCC_PREPROCESSOR_DEFINITIONS = (
					"DEBUG=1",
					"$(inherited)",
				);
				INFOPLIST_FILE = FlappyRevengeTests/Info.plist;
				LD_RUNPATH_SEARCH_PATHS = "$(inherited) @executable_path/Frameworks @loader_path/Frameworks";
				PRODUCT_NAME = FlappyRevengeTests;
				TEST_HOST = "$(BUILT_PRODUCTS_DIR)/FlappyRevenge.app/FlappyRevenge";
			};
			name = Debug;
		};
		44D56D4C1A45C20000A0AB8C /* Release */ = {
			isa = XCBuildConfiguration;
			buildSettings = {
				BUNDLE_LOADER = "$(TEST_HOST)";
				FRAMEWORK_SEARCH_PATHS = (
					"$(SDKROOT)/Developer/Library/Frameworks",
					"$(inherited)",
				);
				INFOPLIST_FILE = FlappyRevengeTests/Info.plist;
				LD_RUNPATH_SEARCH_PATHS = "$(inherited) @executable_path/Frameworks @loader_path/Frameworks";
				PRODUCT_NAME = FlappyRevengeTests;
				TEST_HOST = "$(BUILT_PRODUCTS_DIR)/FlappyRevenge.app/FlappyRevenge";
			};
			name = Release;
		};
/* End XCBuildConfiguration section */

/* Begin XCConfigurationList section */
		44D56D1A1A45C20000A0AB8C /* Build configuration list for PBXProject "FlappyRevenge" */ = {
			isa = XCConfigurationList;
			buildConfigurations = (
				44D56D451A45C20000A0AB8C /* Debug */,
				44D56D461A45C20000A0AB8C /* Release */,
			);
			defaultConfigurationIsVisible = 0;
			defaultConfigurationName = Release;
		};
		44D56D471A45C20000A0AB8C /* Build configuration list for PBXNativeTarget "FlappyRevenge" */ = {
			isa = XCConfigurationList;
			buildConfigurations = (
				44D56D481A45C20000A0AB8C /* Debug */,
				44D56D491A45C20000A0AB8C /* Release */,
			);
			defaultConfigurationIsVisible = 0;
			defaultConfigurationName = Release;
		};
		44D56D4A1A45C20000A0AB8C /* Build configuration list for PBXNativeTarget "FlappyRevengeTests" */ = {
			isa = XCConfigurationList;
			buildConfigurations = (
				44D56D4B1A45C20000A0AB8C /* Debug */,
				44D56D4C1A45C20000A0AB8C /* Release */,
			);
			defaultConfigurationIsVisible = 0;
			defaultConfigurationName = Release;
		};
/* End XCConfigurationList section */
	};
	rootObject = 44D56D171A45C20000A0AB8C /* Project object */;
}
